{
  "name": "pizzeria-parigina",
  "version": "1.0.0",
  "lockfileVersion": 3,
  "requires": true,
  "packages": {
    "": {
      "name": "pizzeria-parigina",
      "version": "1.0.0",
      "hasInstallScript": true,
      "license": "PRIVATE",
      "engines": {
        "node": ">=14.0.0",
        "npm": ">=6.0.0"
      }
    }
  }
}
